
Microsoft Visual Studio Solution File, Format Version 9.00
# Visual Studio 2005
Project("{FAE04EC0-301F-11D3-BF4B-00C04F79EFBC}") = "FamilyTree", "FamilyTree\FamilyTree.csproj", "{82C620C8-ABC4-4304-BC9A-5E7BA5E124B5}"
EndProject
Global
	GlobalSection(SolutionConfigurationPlatforms) = preSolution
		Debug|Any CPU = Debug|Any CPU
		Release|Any CPU = Release|Any CPU
	EndGlobalSection
	GlobalSection(ProjectConfigurationPlatforms) = postSolution
		{82C620C8-ABC4-4304-BC9A-5E7BA5E124B5}.Debug|Any CPU.ActiveCfg = Debug|Any CPU
		{82C620C8-ABC4-4304-BC9A-5E7BA5E124B5}.Debug|Any CPU.Build.0 = Debug|Any CPU
		{82C620C8-ABC4-4304-BC9A-5E7BA5E124B5}.Release|Any CPU.ActiveCfg = Release|Any CPU
		{82C620C8-ABC4-4304-BC9A-5E7BA5E124B5}.Release|Any CPU.Build.0 = Release|Any CPU
	EndGlobalSection
	GlobalSection(MonoDevelopProperties) = preSolution
		StartupItem = FamilyTree\FamilyTree.csproj
	EndGlobalSection
EndGlobal
